{
  "version": 4,
  "terraform_version": "1.1.6",
  "serial": 12,
  "lineage": "20d895a7-2a03-fbed-f5c2-b818318e17af",
  "outputs": {
    "compute_login": {
      "value": "gcloud compute ssh gcp-terraform-vm --zone us-west1-c --project bcr-3-264801",
      "type": "string"
    }
  },
  "resources": [
    {
      "mode": "managed",
      "type": "google_compute_address",
      "name": "static",
      "provider": "provider[\"registry.terraform.io/hashicorp/google\"]",
      "instances": [
        {
          "schema_version": 0,
          "attributes": {
            "address": "35.247.100.11",
            "address_type": "EXTERNAL",
            "creation_timestamp": "2022-03-12T03:33:18.016-08:00",
            "description": "",
            "id": "projects/bcr-3-264801/regions/us-west1/addresses/ipv4-static-bli-subnetwork-us-west1",
            "name": "ipv4-static-bli-subnetwork-us-west1",
            "network": "",
            "network_tier": "PREMIUM",
            "prefix_length": 0,
            "project": "bcr-3-264801",
            "purpose": "",
            "region": "us-west1",
            "self_link": "https://www.googleapis.com/compute/v1/projects/bcr-3-264801/regions/us-west1/addresses/ipv4-static-bli-subnetwork-us-west1",
            "subnetwork": "",
            "timeouts": null,
            "users": []
          },
          "sensitive_attributes": [],
          "private": "eyJlMmJmYjczMC1lY2FhLTExZTYtOGY4OC0zNDM2M2JjN2M0YzAiOnsiY3JlYXRlIjoxMjAwMDAwMDAwMDAwLCJkZWxldGUiOjEyMDAwMDAwMDAwMDB9fQ=="
        }
      ]
    },
    {
      "mode": "managed",
      "type": "google_compute_disk",
      "name": "disk",
      "provider": "provider[\"registry.terraform.io/hashicorp/google\"]",
      "instances": [
        {
          "schema_version": 0,
          "attributes": {
            "creation_timestamp": "2022-03-12T03:40:45.026-08:00",
            "description": "",
            "disk_encryption_key": [],
            "id": "projects/bcr-3-264801/zones/us-west1-b/disks/comput-bootdisk",
            "image": "https://www.googleapis.com/compute/v1/projects/debian-cloud/global/images/debian-10-buster-v20220310",
            "label_fingerprint": "42WmSpB8rSM=",
            "labels": {},
            "last_attach_timestamp": "",
            "last_detach_timestamp": "",
            "name": "comput-bootdisk",
            "physical_block_size_bytes": 4096,
            "project": "bcr-3-264801",
            "provisioned_iops": 0,
            "self_link": "https://www.googleapis.com/compute/v1/projects/bcr-3-264801/zones/us-west1-b/disks/comput-bootdisk",
            "size": 5000,
            "snapshot": "",
            "source_image_encryption_key": [],
            "source_image_id": "996226248814880770",
            "source_snapshot_encryption_key": [],
            "source_snapshot_id": "",
            "timeouts": null,
            "type": "pd-ssd",
            "users": [],
            "zone": "us-west1-b"
          },
          "sensitive_attributes": [],
          "private": "eyJlMmJmYjczMC1lY2FhLTExZTYtOGY4OC0zNDM2M2JjN2M0YzAiOnsiY3JlYXRlIjoxMjAwMDAwMDAwMDAwLCJkZWxldGUiOjEyMDAwMDAwMDAwMDAsInVwZGF0ZSI6MTIwMDAwMDAwMDAwMH19"
        }
      ]
    },
    {
      "mode": "managed",
      "type": "google_compute_instance",
      "name": "vm_instance",
      "provider": "provider[\"registry.terraform.io/hashicorp/google\"]",
      "instances": []
    },
    {
      "mode": "managed",
      "type": "google_compute_network",
      "name": "vpc",
      "provider": "provider[\"registry.terraform.io/hashicorp/google\"]",
      "instances": [
        {
          "schema_version": 0,
          "attributes": {
            "auto_create_subnetworks": false,
            "delete_default_routes_on_create": false,
            "description": "",
            "gateway_ipv4": "",
            "id": "projects/bcr-3-264801/global/networks/gcloud-vpc",
            "mtu": 0,
            "name": "gcloud-vpc",
            "project": "bcr-3-264801",
            "routing_mode": "REGIONAL",
            "self_link": "https://www.googleapis.com/compute/v1/projects/bcr-3-264801/global/networks/gcloud-vpc",
            "timeouts": null
          },
          "sensitive_attributes": [],
          "private": "eyJlMmJmYjczMC1lY2FhLTExZTYtOGY4OC0zNDM2M2JjN2M0YzAiOnsiY3JlYXRlIjoxMjAwMDAwMDAwMDAwLCJkZWxldGUiOjEyMDAwMDAwMDAwMDAsInVwZGF0ZSI6MTIwMDAwMDAwMDAwMH19"
        }
      ]
    }
  ]
}
